
Microsoft Visual Studio Solution File, Format Version 12.00
# Visual Studio Version 16
VisualStudioVersion = 16.0.31402.337
MinimumVisualStudioVersion = 10.0.40219.1
Project("{FAE04EC0-301F-11D3-BF4B-00C04F79EFBC}") = "Fraction class", "Fraction class\Fraction class.csproj", "{76B07EE3-5E4B-496B-BBB8-14402175C795}"
EndProject
Global
	GlobalSection(SolutionConfigurationPlatforms) = preSolution
		Debug|Any CPU = Debug|Any CPU
		Release|Any CPU = Release|Any CPU
	EndGlobalSection
	GlobalSection(ProjectConfigurationPlatforms) = postSolution
		{76B07EE3-5E4B-496B-BBB8-14402175C795}.Debug|Any CPU.ActiveCfg = Debug|Any CPU
		{76B07EE3-5E4B-496B-BBB8-14402175C795}.Debug|Any CPU.Build.0 = Debug|Any CPU
		{76B07EE3-5E4B-496B-BBB8-14402175C795}.Release|Any CPU.ActiveCfg = Release|Any CPU
		{76B07EE3-5E4B-496B-BBB8-14402175C795}.Release|Any CPU.Build.0 = Release|Any CPU
	EndGlobalSection
	GlobalSection(SolutionProperties) = preSolution
		HideSolutionNode = FALSE
	EndGlobalSection
	GlobalSection(ExtensibilityGlobals) = postSolution
		SolutionGuid = {64D17629-E21F-4C22-80B3-B9C929D507C5}
	EndGlobalSection
EndGlobal
